
Microsoft Visual Studio Solution File, Format Version 12.00
# Visual Studio Version 16
VisualStudioVersion = 16.0.31019.35
MinimumVisualStudioVersion = 10.0.40219.1
Project("{FAE04EC0-301F-11D3-BF4B-00C04F79EFBC}") = "EmployeeService", "EmployeeService\EmployeeService.csproj", "{9F501B32-47CB-4BF1-8D00-95522B7DD94F}"
EndProject
Project("{FAE04EC0-301F-11D3-BF4B-00C04F79EFBC}") = "EmployeeDataAccess", "EmployeeDataAccess\EmployeeDataAccess.csproj", "{69D77F07-4EF9-4769-B55F-EFF645F05B2E}"
EndProject
Project("{FAE04EC0-301F-11D3-BF4B-00C04F79EFBC}") = "ClientApplication", "ClientApplication\ClientApplication.csproj", "{3BA65BB8-5EBF-4FEB-8B5A-11077FD8951E}"
EndProject
Global
	GlobalSection(SolutionConfigurationPlatforms) = preSolution
		Debug|Any CPU = Debug|Any CPU
		Release|Any CPU = Release|Any CPU
	EndGlobalSection
	GlobalSection(ProjectConfigurationPlatforms) = postSolution
		{9F501B32-47CB-4BF1-8D00-95522B7DD94F}.Debug|Any CPU.ActiveCfg = Debug|Any CPU
		{9F501B32-47CB-4BF1-8D00-95522B7DD94F}.Debug|Any CPU.Build.0 = Debug|Any CPU
		{9F501B32-47CB-4BF1-8D00-95522B7DD94F}.Release|Any CPU.ActiveCfg = Release|Any CPU
		{9F501B32-47CB-4BF1-8D00-95522B7DD94F}.Release|Any CPU.Build.0 = Release|Any CPU
		{69D77F07-4EF9-4769-B55F-EFF645F05B2E}.Debug|Any CPU.ActiveCfg = Debug|Any CPU
		{69D77F07-4EF9-4769-B55F-EFF645F05B2E}.Debug|Any CPU.Build.0 = Debug|Any CPU
		{69D77F07-4EF9-4769-B55F-EFF645F05B2E}.Release|Any CPU.ActiveCfg = Release|Any CPU
		{69D77F07-4EF9-4769-B55F-EFF645F05B2E}.Release|Any CPU.Build.0 = Release|Any CPU
		{3BA65BB8-5EBF-4FEB-8B5A-11077FD8951E}.Debug|Any CPU.ActiveCfg = Debug|Any CPU
		{3BA65BB8-5EBF-4FEB-8B5A-11077FD8951E}.Debug|Any CPU.Build.0 = Debug|Any CPU
		{3BA65BB8-5EBF-4FEB-8B5A-11077FD8951E}.Release|Any CPU.ActiveCfg = Release|Any CPU
		{3BA65BB8-5EBF-4FEB-8B5A-11077FD8951E}.Release|Any CPU.Build.0 = Release|Any CPU
	EndGlobalSection
	GlobalSection(SolutionProperties) = preSolution
		HideSolutionNode = FALSE
	EndGlobalSection
	GlobalSection(ExtensibilityGlobals) = postSolution
		SolutionGuid = {47565C44-A8C0-4E1A-948B-22D098DA6BE7}
	EndGlobalSection
EndGlobal
